
Microsoft Visual Studio Solution File, Format Version 12.00
# Visual Studio Version 17
VisualStudioVersion = 17.11.35312.102
MinimumVisualStudioVersion = 10.0.40219.1
Project("{FAE04EC0-301F-11D3-BF4B-00C04F79EFBC}") = "Tyuiu.Shopen.Lab4", "Tyuiu.Shopen.Lab4\Tyuiu.Shopen.Lab4.csproj", "{D855755A-9C2A-4202-B0B0-AF38DD3C5951}"
EndProject
Project("{FAE04EC0-301F-11D3-BF4B-00C04F79EFBC}") = "OrdinaryCalc.Lib", "OrdinaryCalc.Lib\OrdinaryCalc.Lib.csproj", "{FD4F851C-E446-4997-9A31-A0F3EF21CF67}"
EndProject
Project("{FAE04EC0-301F-11D3-BF4B-00C04F79EFBC}") = "OrdinaryCalc.Test", "OrdinaryCalc.Test\OrdinaryCalc.Test.csproj", "{82C1C010-562E-4B88-9DDF-3592546E1D1D}"
EndProject
Project("{FAE04EC0-301F-11D3-BF4B-00C04F79EFBC}") = "ArithmeticCalc.Lib", "ArithmeticCalc\ArithmeticCalc.Lib.csproj", "{188007EA-6483-4176-8794-F87A5B308524}"
EndProject
Project("{FAE04EC0-301F-11D3-BF4B-00C04F79EFBC}") = "ConversionCalc.Lib", "ConversionCalc.Lib\ConversionCalc.Lib.csproj", "{12A2458A-43EE-4FC0-B2C7-64164DF2F9B4}"
EndProject
Project("{FAE04EC0-301F-11D3-BF4B-00C04F79EFBC}") = "FitnessCalc.Lib", "FitnessCalc.Lib\FitnessCalc.Lib.csproj", "{6E89BDAE-87EC-4B6A-A3CD-803D592D487B}"
EndProject
Project("{2150E333-8FDC-42A3-9474-1A3956D46DE8}") = "Lab4", "Lab4", "{87372CAA-1DBE-40AB-A41A-CE86E19FECAF}"
EndProject
Project("{2150E333-8FDC-42A3-9474-1A3956D46DE8}") = "Libs", "Libs", "{C5BAA8D8-DF3B-4C2C-85CD-EF2DDF6904B6}"
EndProject
Project("{2150E333-8FDC-42A3-9474-1A3956D46DE8}") = "Tests", "Tests", "{90945BE9-392B-409C-8021-EC8F304CB88D}"
EndProject
Project("{FAE04EC0-301F-11D3-BF4B-00C04F79EFBC}") = "ArithmeticCalc.Test", "ArithmeticCalc.Test\ArithmeticCalc.Test.csproj", "{9EADE364-349C-4D62-BB1E-AC90FE7EBFF4}"
EndProject
Project("{FAE04EC0-301F-11D3-BF4B-00C04F79EFBC}") = "ConversionCalc.Test", "ConversionCalc.Test\ConversionCalc.Test.csproj", "{D98B0453-ADBE-406E-BE74-171385A68B28}"
EndProject
Project("{FAE04EC0-301F-11D3-BF4B-00C04F79EFBC}") = "FitnessCalc.Test", "FitnessCalc.Test\FitnessCalc.Test.csproj", "{93908C1C-844E-4AF0-986C-8783533E2185}"
EndProject
Global
	GlobalSection(SolutionConfigurationPlatforms) = preSolution
		Debug|Any CPU = Debug|Any CPU
		Release|Any CPU = Release|Any CPU
	EndGlobalSection
	GlobalSection(ProjectConfigurationPlatforms) = postSolution
		{D855755A-9C2A-4202-B0B0-AF38DD3C5951}.Debug|Any CPU.ActiveCfg = Debug|Any CPU
		{D855755A-9C2A-4202-B0B0-AF38DD3C5951}.Debug|Any CPU.Build.0 = Debug|Any CPU
		{D855755A-9C2A-4202-B0B0-AF38DD3C5951}.Release|Any CPU.ActiveCfg = Release|Any CPU
		{D855755A-9C2A-4202-B0B0-AF38DD3C5951}.Release|Any CPU.Build.0 = Release|Any CPU
		{FD4F851C-E446-4997-9A31-A0F3EF21CF67}.Debug|Any CPU.ActiveCfg = Debug|Any CPU
		{FD4F851C-E446-4997-9A31-A0F3EF21CF67}.Debug|Any CPU.Build.0 = Debug|Any CPU
		{FD4F851C-E446-4997-9A31-A0F3EF21CF67}.Release|Any CPU.ActiveCfg = Release|Any CPU
		{FD4F851C-E446-4997-9A31-A0F3EF21CF67}.Release|Any CPU.Build.0 = Release|Any CPU
		{82C1C010-562E-4B88-9DDF-3592546E1D1D}.Debug|Any CPU.ActiveCfg = Debug|Any CPU
		{82C1C010-562E-4B88-9DDF-3592546E1D1D}.Debug|Any CPU.Build.0 = Debug|Any CPU
		{82C1C010-562E-4B88-9DDF-3592546E1D1D}.Release|Any CPU.ActiveCfg = Release|Any CPU
		{82C1C010-562E-4B88-9DDF-3592546E1D1D}.Release|Any CPU.Build.0 = Release|Any CPU
		{188007EA-6483-4176-8794-F87A5B308524}.Debug|Any CPU.ActiveCfg = Debug|Any CPU
		{188007EA-6483-4176-8794-F87A5B308524}.Debug|Any CPU.Build.0 = Debug|Any CPU
		{188007EA-6483-4176-8794-F87A5B308524}.Release|Any CPU.ActiveCfg = Release|Any CPU
		{188007EA-6483-4176-8794-F87A5B308524}.Release|Any CPU.Build.0 = Release|Any CPU
		{12A2458A-43EE-4FC0-B2C7-64164DF2F9B4}.Debug|Any CPU.ActiveCfg = Debug|Any CPU
		{12A2458A-43EE-4FC0-B2C7-64164DF2F9B4}.Debug|Any CPU.Build.0 = Debug|Any CPU
		{12A2458A-43EE-4FC0-B2C7-64164DF2F9B4}.Release|Any CPU.ActiveCfg = Release|Any CPU
		{12A2458A-43EE-4FC0-B2C7-64164DF2F9B4}.Release|Any CPU.Build.0 = Release|Any CPU
		{6E89BDAE-87EC-4B6A-A3CD-803D592D487B}.Debug|Any CPU.ActiveCfg = Debug|Any CPU
		{6E89BDAE-87EC-4B6A-A3CD-803D592D487B}.Debug|Any CPU.Build.0 = Debug|Any CPU
		{6E89BDAE-87EC-4B6A-A3CD-803D592D487B}.Release|Any CPU.ActiveCfg = Release|Any CPU
		{6E89BDAE-87EC-4B6A-A3CD-803D592D487B}.Release|Any CPU.Build.0 = Release|Any CPU
		{9EADE364-349C-4D62-BB1E-AC90FE7EBFF4}.Debug|Any CPU.ActiveCfg = Debug|Any CPU
		{9EADE364-349C-4D62-BB1E-AC90FE7EBFF4}.Debug|Any CPU.Build.0 = Debug|Any CPU
		{9EADE364-349C-4D62-BB1E-AC90FE7EBFF4}.Release|Any CPU.ActiveCfg = Release|Any CPU
		{9EADE364-349C-4D62-BB1E-AC90FE7EBFF4}.Release|Any CPU.Build.0 = Release|Any CPU
		{D98B0453-ADBE-406E-BE74-171385A68B28}.Debug|Any CPU.ActiveCfg = Debug|Any CPU
		{D98B0453-ADBE-406E-BE74-171385A68B28}.Debug|Any CPU.Build.0 = Debug|Any CPU
		{D98B0453-ADBE-406E-BE74-171385A68B28}.Release|Any CPU.ActiveCfg = Release|Any CPU
		{D98B0453-ADBE-406E-BE74-171385A68B28}.Release|Any CPU.Build.0 = Release|Any CPU
		{93908C1C-844E-4AF0-986C-8783533E2185}.Debug|Any CPU.ActiveCfg = Debug|Any CPU
		{93908C1C-844E-4AF0-986C-8783533E2185}.Debug|Any CPU.Build.0 = Debug|Any CPU
		{93908C1C-844E-4AF0-986C-8783533E2185}.Release|Any CPU.ActiveCfg = Release|Any CPU
		{93908C1C-844E-4AF0-986C-8783533E2185}.Release|Any CPU.Build.0 = Release|Any CPU
	EndGlobalSection
	GlobalSection(SolutionProperties) = preSolution
		HideSolutionNode = FALSE
	EndGlobalSection
	GlobalSection(NestedProjects) = preSolution
		{D855755A-9C2A-4202-B0B0-AF38DD3C5951} = {87372CAA-1DBE-40AB-A41A-CE86E19FECAF}
		{FD4F851C-E446-4997-9A31-A0F3EF21CF67} = {C5BAA8D8-DF3B-4C2C-85CD-EF2DDF6904B6}
		{82C1C010-562E-4B88-9DDF-3592546E1D1D} = {90945BE9-392B-409C-8021-EC8F304CB88D}
		{188007EA-6483-4176-8794-F87A5B308524} = {C5BAA8D8-DF3B-4C2C-85CD-EF2DDF6904B6}
		{12A2458A-43EE-4FC0-B2C7-64164DF2F9B4} = {C5BAA8D8-DF3B-4C2C-85CD-EF2DDF6904B6}
		{6E89BDAE-87EC-4B6A-A3CD-803D592D487B} = {C5BAA8D8-DF3B-4C2C-85CD-EF2DDF6904B6}
		{C5BAA8D8-DF3B-4C2C-85CD-EF2DDF6904B6} = {87372CAA-1DBE-40AB-A41A-CE86E19FECAF}
		{90945BE9-392B-409C-8021-EC8F304CB88D} = {87372CAA-1DBE-40AB-A41A-CE86E19FECAF}
		{9EADE364-349C-4D62-BB1E-AC90FE7EBFF4} = {90945BE9-392B-409C-8021-EC8F304CB88D}
		{D98B0453-ADBE-406E-BE74-171385A68B28} = {90945BE9-392B-409C-8021-EC8F304CB88D}
		{93908C1C-844E-4AF0-986C-8783533E2185} = {90945BE9-392B-409C-8021-EC8F304CB88D}
	EndGlobalSection
	GlobalSection(ExtensibilityGlobals) = postSolution
		SolutionGuid = {3EA40670-1BE3-4C5B-AA80-835E44A7830E}
	EndGlobalSection
EndGlobal
